
Microsoft Visual Studio Solution File, Format Version 12.00
# Visual Studio Version 16
VisualStudioVersion = 16.0.30204.135
MinimumVisualStudioVersion = 10.0.40219.1
Project("{FAE04EC0-301F-11D3-BF4B-00C04F79EFBC}") = "method02", "method02\method02.csproj", "{8BD991F5-AD94-4020-8595-67CE495ED6BE}"
EndProject
Project("{FAE04EC0-301F-11D3-BF4B-00C04F79EFBC}") = "method03", "method03\method03.csproj", "{64CCA8BC-BCDC-4051-A74A-7F2EABCC053C}"
EndProject
Project("{FAE04EC0-301F-11D3-BF4B-00C04F79EFBC}") = "methodDop", "methodDop\methodDop.csproj", "{C1D915F9-877B-4F41-8B99-DD67CF053303}"
EndProject
Global
	GlobalSection(SolutionConfigurationPlatforms) = preSolution
		Debug|Any CPU = Debug|Any CPU
		Release|Any CPU = Release|Any CPU
	EndGlobalSection
	GlobalSection(ProjectConfigurationPlatforms) = postSolution
		{8BD991F5-AD94-4020-8595-67CE495ED6BE}.Debug|Any CPU.ActiveCfg = Debug|Any CPU
		{8BD991F5-AD94-4020-8595-67CE495ED6BE}.Debug|Any CPU.Build.0 = Debug|Any CPU
		{8BD991F5-AD94-4020-8595-67CE495ED6BE}.Release|Any CPU.ActiveCfg = Release|Any CPU
		{8BD991F5-AD94-4020-8595-67CE495ED6BE}.Release|Any CPU.Build.0 = Release|Any CPU
		{64CCA8BC-BCDC-4051-A74A-7F2EABCC053C}.Debug|Any CPU.ActiveCfg = Debug|Any CPU
		{64CCA8BC-BCDC-4051-A74A-7F2EABCC053C}.Debug|Any CPU.Build.0 = Debug|Any CPU
		{64CCA8BC-BCDC-4051-A74A-7F2EABCC053C}.Release|Any CPU.ActiveCfg = Release|Any CPU
		{64CCA8BC-BCDC-4051-A74A-7F2EABCC053C}.Release|Any CPU.Build.0 = Release|Any CPU
		{C1D915F9-877B-4F41-8B99-DD67CF053303}.Debug|Any CPU.ActiveCfg = Debug|Any CPU
		{C1D915F9-877B-4F41-8B99-DD67CF053303}.Debug|Any CPU.Build.0 = Debug|Any CPU
		{C1D915F9-877B-4F41-8B99-DD67CF053303}.Release|Any CPU.ActiveCfg = Release|Any CPU
		{C1D915F9-877B-4F41-8B99-DD67CF053303}.Release|Any CPU.Build.0 = Release|Any CPU
	EndGlobalSection
	GlobalSection(SolutionProperties) = preSolution
		HideSolutionNode = FALSE
	EndGlobalSection
	GlobalSection(ExtensibilityGlobals) = postSolution
		SolutionGuid = {0D31D0DD-0438-4EC7-83C9-FF8C67DCE2AD}
	EndGlobalSection
EndGlobal
